
Microsoft Visual Studio Solution File, Format Version 11.00
# Visual Studio 2010
Project("{FAE04EC0-301F-11D3-BF4B-00C04F79EFBC}") = "ProjektLAN", "ProjektLAN\ProjektLAN.csproj", "{871B1F47-6C5B-4F67-AD5A-8C3C2D57A6F5}"
EndProject
Global
	GlobalSection(SolutionConfigurationPlatforms) = preSolution
		Debug|x86 = Debug|x86
		Release|x86 = Release|x86
	EndGlobalSection
	GlobalSection(ProjectConfigurationPlatforms) = postSolution
		{871B1F47-6C5B-4F67-AD5A-8C3C2D57A6F5}.Debug|x86.ActiveCfg = Debug|x86
		{871B1F47-6C5B-4F67-AD5A-8C3C2D57A6F5}.Debug|x86.Build.0 = Debug|x86
		{871B1F47-6C5B-4F67-AD5A-8C3C2D57A6F5}.Release|x86.ActiveCfg = Release|x86
		{871B1F47-6C5B-4F67-AD5A-8C3C2D57A6F5}.Release|x86.Build.0 = Release|x86
	EndGlobalSection
	GlobalSection(SolutionProperties) = preSolution
		HideSolutionNode = FALSE
	EndGlobalSection
EndGlobal
